Microsoft Visual Studio Solution File, Format Version 12.00
# Visual Studio Version 17
VisualStudioVersion = 17.5.2.0
MinimumVisualStudioVersion = 10.0.40219.1
Project("{2150E333-8FDC-42A3-9474-1A3956D46DE8}") = "dotnet", "dotnet", "{71E6E750-85FD-B5BC-4321-E01377EC6231}"
EndProject
Project("{FAE04EC0-301F-11D3-BF4B-00C04F79EFBC}") = "csharp-web-app", "dotnet\csharp-web-app\csharp-web-app.csproj", "{8301BCBA-C386-CE47-74B9-98EA4AE10E4D}"
EndProject
Global
	GlobalSection(SolutionConfigurationPlatforms) = preSolution
		Debug|Any CPU = Debug|Any CPU
		Release|Any CPU = Release|Any CPU
	EndGlobalSection
	GlobalSection(ProjectConfigurationPlatforms) = postSolution
		{8301BCBA-C386-CE47-74B9-98EA4AE10E4D}.Debug|Any CPU.ActiveCfg = Debug|Any CPU
		{8301BCBA-C386-CE47-74B9-98EA4AE10E4D}.Debug|Any CPU.Build.0 = Debug|Any CPU
		{8301BCBA-C386-CE47-74B9-98EA4AE10E4D}.Release|Any CPU.ActiveCfg = Release|Any CPU
		{8301BCBA-C386-CE47-74B9-98EA4AE10E4D}.Release|Any CPU.Build.0 = Release|Any CPU
	EndGlobalSection
	GlobalSection(SolutionProperties) = preSolution
		HideSolutionNode = FALSE
	EndGlobalSection
	GlobalSection(NestedProjects) = preSolution
		{8301BCBA-C386-CE47-74B9-98EA4AE10E4D} = {71E6E750-85FD-B5BC-4321-E01377EC6231}
	EndGlobalSection
	GlobalSection(ExtensibilityGlobals) = postSolution
		SolutionGuid = {DB1B8D9B-A440-4C53-9973-37E24FB4E653}
	EndGlobalSection
EndGlobal
